// !$*UTF8*$!
{
	archiveVersion = 1;
	classes = {
	};
	objectVersion = 46;
	objects = {

/* Begin PBXBuildFile section */
		5F4290F41D4060430077AEC2 /* CALayer+Border.swift in Sources */ = {isa = PBXBuildFile; fileRef = 5F4290F31D4060430077AEC2 /* CALayer+Border.swift */; };
		5F4290F61D40610B0077AEC2 /* UIColor+Custom.swift in Sources */ = {isa = PBXBuildFile; fileRef = 5F4290F51D40610B0077AEC2 /* UIColor+Custom.swift */; };
		5F4290F81D40638F0077AEC2 /* Font.swift in Sources */ = {isa = PBXBuildFile; fileRef = 5F4290F71D40638F0077AEC2 /* Font.swift */; };
		5F4290FE1D40641B0077AEC2 /* Oswald-Bold.ttf in Resources */ = {isa = PBXBuildFile; fileRef = 5F4290FB1D40641B0077AEC2 /* Oswald-Bold.ttf */; };
		5F4290FF1D40641B0077AEC2 /* Oswald-Light.ttf in Resources */ = {isa = PBXBuildFile; fileRef = 5F4290FC1D40641B0077AEC2 /* Oswald-Light.ttf */; };
		5F4291001D40641B0077AEC2 /* Oswald-Regular.ttf in Resources */ = {isa = PBXBuildFile; fileRef = 5F4290FD1D40641B0077AEC2 /* Oswald-Regular.ttf */; };
		5F995DE91D3DE62400E5944B /* GIF.swift in Sources */ = {isa = PBXBuildFile; fileRef = 5F995DE81D3DE62400E5944B /* GIF.swift */; };
		5F995DEC1D3E85BC00E5944B /* Observable+JSONAble.swift in Sources */ = {isa = PBXBuildFile; fileRef = 5F995DEB1D3E85BC00E5944B /* Observable+JSONAble.swift */; };
		5F995DEE1D3EB48100E5944B /* ViewModel.swift in Sources */ = {isa = PBXBuildFile; fileRef = 5F995DED1D3EB48100E5944B /* ViewModel.swift */; };
		5F995DF31D3EF82200E5944B /* TrendingViewController.swift in Sources */ = {isa = PBXBuildFile; fileRef = 5F995DF21D3EF82200E5944B /* TrendingViewController.swift */; };
		5F995DF51D3F098300E5944B /* Observable+Operators.swift in Sources */ = {isa = PBXBuildFile; fileRef = 5F995DF41D3F098300E5944B /* Observable+Operators.swift */; };
		5F995DF71D3F151200E5944B /* GIFCollectionViewCell.swift in Sources */ = {isa = PBXBuildFile; fileRef = 5F995DF61D3F151200E5944B /* GIFCollectionViewCell.swift */; };
		5FEBE9871D39715800CADCCE /* AppDelegate.swift in Sources */ = {isa = PBXBuildFile; fileRef = 5FEBE9861D39715800CADCCE /* AppDelegate.swift */; };
		5FEBE98C1D39715800CADCCE /* Main.storyboard in Resources */ = {isa = PBXBuildFile; fileRef = 5FEBE98A1D39715800CADCCE /* Main.storyboard */; };
		5FEBE98E1D39715800CADCCE /* Assets.xcassets in Resources */ = {isa = PBXBuildFile; fileRef = 5FEBE98D1D39715800CADCCE /* Assets.xcassets */; };
		5FEBE9911D39715800CADCCE /* LaunchScreen.storyboard in Resources */ = {isa = PBXBuildFile; fileRef = 5FEBE98F1D39715800CADCCE /* LaunchScreen.storyboard */; };
		5FEFA8D31D3D3C5B00D9DE5A /* Search.json in Resources */ = {isa = PBXBuildFile; fileRef = 5FEFA8D11D3D3C5B00D9DE5A /* Search.json */; };
		5FEFA8D41D3D3C5B00D9DE5A /* Trending.json in Resources */ = {isa = PBXBuildFile; fileRef = 5FEFA8D21D3D3C5B00D9DE5A /* Trending.json */; };
		5FF38B2E1D4008B300421BC9 /* GIFViewModel.swift in Sources */ = {isa = PBXBuildFile; fileRef = 5FF38B2D1D4008B300421BC9 /* GIFViewModel.swift */; };
		5FF96AA91D3BE44900D20DD6 /* GiphyAPI.swift in Sources */ = {isa = PBXBuildFile; fileRef = 5FF96AA81D3BE44900D20DD6 /* GiphyAPI.swift */; };
		5FF96AAB1D3BEE0800D20DD6 /* Networking.swift in Sources */ = {isa = PBXBuildFile; fileRef = 5FF96AAA1D3BEE0800D20DD6 /* Networking.swift */; };
		FDF00F005110E909998B938C /* Pods_GiphySearcher.framework in Frameworks */ = {isa = PBXBuildFile; fileRef = BD75201FE95CA19F46AABE4F /* Pods_GiphySearcher.framework */; };
/* End PBXBuildFile section */

/* Begin PBXFileReference section */
		21141C8AF41872932CBC66B7 /* Pods-GiphySearcher.debug.xcconfig */ = {isa = PBXFileReference; includeInIndex = 1; lastKnownFileType = text.xcconfig; name = "Pods-GiphySearcher.debug.xcconfig"; path = "Pods/Target Support Files/Pods-GiphySearcher/Pods-GiphySearcher.debug.xcconfig"; sourceTree = "<group>"; };
		5F4290F31D4060430077AEC2 /* CALayer+Border.swift */ = {isa = PBXFileReference; fileEncoding = 4; lastKnownFileType = sourcecode.swift; path = "CALayer+Border.swift"; sourceTree = "<group>"; };
		5F4290F51D40610B0077AEC2 /* UIColor+Custom.swift */ = {isa = PBXFileReference; fileEncoding = 4; lastKnownFileType = sourcecode.swift; path = "UIColor+Custom.swift"; sourceTree = "<group>"; };
		5F4290F71D40638F0077AEC2 /* Font.swift */ = {isa = PBXFileReference; fileEncoding = 4; lastKnownFileType = sourcecode.swift; path = Font.swift; sourceTree = "<group>"; };
		5F4290FB1D40641B0077AEC2 /* Oswald-Bold.ttf */ = {isa = PBXFileReference; lastKnownFileType = file; path = "Oswald-Bold.ttf"; sourceTree = "<group>"; };
		5F4290FC1D40641B0077AEC2 /* Oswald-Light.ttf */ = {isa = PBXFileReference; lastKnownFileType = file; path = "Oswald-Light.ttf"; sourceTree = "<group>"; };
		5F4290FD1D40641B0077AEC2 /* Oswald-Regular.ttf */ = {isa = PBXFileReference; lastKnownFileType = file; path = "Oswald-Regular.ttf"; sourceTree = "<group>"; };
		5F995DE81D3DE62400E5944B /* GIF.swift */ = {isa = PBXFileReference; fileEncoding = 4; lastKnownFileType = sourcecode.swift; path = GIF.swift; sourceTree = "<group>"; };
		5F995DEB1D3E85BC00E5944B /* Observable+JSONAble.swift */ = {isa = PBXFileReference; fileEncoding = 4; lastKnownFileType = sourcecode.swift; path = "Observable+JSONAble.swift"; sourceTree = "<group>"; };
		5F995DED1D3EB48100E5944B /* ViewModel.swift */ = {isa = PBXFileReference; fileEncoding = 4; lastKnownFileType = sourcecode.swift; path = ViewModel.swift; sourceTree = "<group>"; };
		5F995DF21D3EF82200E5944B /* TrendingViewController.swift */ = {isa = PBXFileReference; fileEncoding = 4; lastKnownFileType = sourcecode.swift; path = TrendingViewController.swift; sourceTree = "<group>"; };
		5F995DF41D3F098300E5944B /* Observable+Operators.swift */ = {isa = PBXFileReference; fileEncoding = 4; lastKnownFileType = sourcecode.swift; path = "Observable+Operators.swift"; sourceTree = "<group>"; };
		5F995DF61D3F151200E5944B /* GIFCollectionViewCell.swift */ = {isa = PBXFileReference; fileEncoding = 4; lastKnownFileType = sourcecode.swift; path = GIFCollectionViewCell.swift; sourceTree = "<group>"; };
		5FEBE9831D39715800CADCCE /* GiphySearcher.app */ = {isa = PBXFileReference; explicitFileType = wrapper.application; includeInIndex = 0; path = GiphySearcher.app; sourceTree = BUILT_PRODUCTS_DIR; };
		5FEBE9861D39715800CADCCE /* AppDelegate.swift */ = {isa = PBXFileReference; lastKnownFileType = sourcecode.swift; path = AppDelegate.swift; sourceTree = "<group>"; };
		5FEBE98B1D39715800CADCCE /* Base */ = {isa = PBXFileReference; lastKnownFileType = file.storyboard; name = Base; path = Base.lproj/Main.storyboard; sourceTree = "<group>"; };
		5FEBE98D1D39715800CADCCE /* Assets.xcassets */ = {isa = PBXFileReference; lastKnownFileType = folder.assetcatalog; path = Assets.xcassets; sourceTree = "<group>"; };
		5FEBE9901D39715800CADCCE /* Base */ = {isa = PBXFileReference; lastKnownFileType = file.storyboard; name = Base; path = Base.lproj/LaunchScreen.storyboard; sourceTree = "<group>"; };
		5FEBE9921D39715800CADCCE /* Info.plist */ = {isa = PBXFileReference; lastKnownFileType = text.plist.xml; path = Info.plist; sourceTree = "<group>"; };
		5FEFA8D11D3D3C5B00D9DE5A /* Search.json */ = {isa = PBXFileReference; fileEncoding = 4; lastKnownFileType = text.json; path = Search.json; sourceTree = "<group>"; };
		5FEFA8D21D3D3C5B00D9DE5A /* Trending.json */ = {isa = PBXFileReference; fileEncoding = 4; lastKnownFileType = text.json; path = Trending.json; sourceTree = "<group>"; };
		5FF38B2D1D4008B300421BC9 /* GIFViewModel.swift */ = {isa = PBXFileReference; fileEncoding = 4; lastKnownFileType = sourcecode.swift; path = GIFViewModel.swift; sourceTree = "<group>"; };
		5FF96AA81D3BE44900D20DD6 /* GiphyAPI.swift */ = {isa = PBXFileReference; fileEncoding = 4; lastKnownFileType = sourcecode.swift; path = GiphyAPI.swift; sourceTree = "<group>"; };
		5FF96AAA1D3BEE0800D20DD6 /* Networking.swift */ = {isa = PBXFileReference; fileEncoding = 4; lastKnownFileType = sourcecode.swift; path = Networking.swift; sourceTree = "<group>"; };
		86A20436F61B85508E303ABD /* Pods-GiphySearcher.release.xcconfig */ = {isa = PBXFileReference; includeInIndex = 1; lastKnownFileType = text.xcconfig; name = "Pods-GiphySearcher.release.xcconfig"; path = "Pods/Target Support Files/Pods-GiphySearcher/Pods-GiphySearcher.release.xcconfig"; sourceTree = "<group>"; };
		BD75201FE95CA19F46AABE4F /* Pods_GiphySearcher.framework */ = {isa = PBXFileReference; explicitFileType = wrapper.framework; includeInIndex = 0; path = Pods_GiphySearcher.framework; sourceTree = BUILT_PRODUCTS_DIR; };
/* End PBXFileReference section */

/* Begin PBXFrameworksBuildPhase section */
		5FEBE9801D39715800CADCCE /* Frameworks */ = {
			isa = PBXFrameworksBuildPhase;
			buildActionMask = 2147483647;
			files = (
				FDF00F005110E909998B938C /* Pods_GiphySearcher.framework in Frameworks */,
			);
			runOnlyForDeploymentPostprocessing = 0;
		};
/* End PBXFrameworksBuildPhase section */

/* Begin PBXGroup section */
		2EF9C63C094207228F83775A /* Pods */ = {
			isa = PBXGroup;
			children = (
				21141C8AF41872932CBC66B7 /* Pods-GiphySearcher.debug.xcconfig */,
				86A20436F61B85508E303ABD /* Pods-GiphySearcher.release.xcconfig */,
			);
			name = Pods;
			sourceTree = "<group>";
		};
		5F4290F91D4063D00077AEC2 /* Resources */ = {
			isa = PBXGroup;
			children = (
				5F4290FA1D4063F70077AEC2 /* Fonts */,
			);
			name = Resources;
			sourceTree = "<group>";
		};
		5F4290FA1D4063F70077AEC2 /* Fonts */ = {
			isa = PBXGroup;
			children = (
				5F4290FB1D40641B0077AEC2 /* Oswald-Bold.ttf */,
				5F4290FC1D40641B0077AEC2 /* Oswald-Light.ttf */,
				5F4290FD1D40641B0077AEC2 /* Oswald-Regular.ttf */,
			);
			name = Fonts;
			sourceTree = "<group>";
		};
		5F995DE71D3DE61500E5944B /* Models */ = {
			isa = PBXGroup;
			children = (
				5F995DE81D3DE62400E5944B /* GIF.swift */,
			);
			path = Models;
			sourceTree = "<group>";
		};
		5F995DEA1D3E857900E5944B /* RxSwift Extensions */ = {
			isa = PBXGroup;
			children = (
				5F995DEB1D3E85BC00E5944B /* Observable+JSONAble.swift */,
				5F995DF41D3F098300E5944B /* Observable+Operators.swift */,
			);
			path = "RxSwift Extensions";
			sourceTree = "<group>";
		};
		5F995DF11D3EF80900E5944B /* Trending */ = {
			isa = PBXGroup;
			children = (
				5F995DF21D3EF82200E5944B /* TrendingViewController.swift */,
				5F995DF61D3F151200E5944B /* GIFCollectionViewCell.swift */,
			);
			path = Trending;
			sourceTree = "<group>";
		};
		5FEBE97A1D39715800CADCCE = {
			isa = PBXGroup;
			children = (
				F46B38482C6624BAF7796793 /* Frameworks */,
				5FEBE9851D39715800CADCCE /* GiphySearcher */,
				2EF9C63C094207228F83775A /* Pods */,
				5FEBE9841D39715800CADCCE /* Products */,
			);
			sourceTree = "<group>";
		};
		5FEBE9841D39715800CADCCE /* Products */ = {
			isa = PBXGroup;
			children = (
				5FEBE9831D39715800CADCCE /* GiphySearcher.app */,
			);
			name = Products;
			sourceTree = "<group>";
		};
		5FEBE9851D39715800CADCCE /* GiphySearcher */ = {
			isa = PBXGroup;
			children = (
				5F4290F91D4063D00077AEC2 /* Resources */,
				5FF96AA61D3BE40200D20DD6 /* App */,
				5F995DEA1D3E857900E5944B /* RxSwift Extensions */,
				5FEFA8D01D3D3C4300D9DE5A /* Stubbed Responses */,
				5FEBE9861D39715800CADCCE /* AppDelegate.swift */,
				5F4290F31D4060430077AEC2 /* CALayer+Border.swift */,
				5F4290F71D40638F0077AEC2 /* Font.swift */,
				5F4290F51D40610B0077AEC2 /* UIColor+Custom.swift */,
				5FEBE98D1D39715800CADCCE /* Assets.xcassets */,
				5FEBE9921D39715800CADCCE /* Info.plist */,
				5FEBE98F1D39715800CADCCE /* LaunchScreen.storyboard */,
				5FEBE98A1D39715800CADCCE /* Main.storyboard */,
			);
			path = GiphySearcher;
			sourceTree = "<group>";
		};
		5FEFA8D01D3D3C4300D9DE5A /* Stubbed Responses */ = {
			isa = PBXGroup;
			children = (
				5FEFA8D11D3D3C5B00D9DE5A /* Search.json */,
				5FEFA8D21D3D3C5B00D9DE5A /* Trending.json */,
			);
			path = "Stubbed Responses";
			sourceTree = "<group>";
		};
		5FF96AA61D3BE40200D20DD6 /* App */ = {
			isa = PBXGroup;
			children = (
				5F995DE71D3DE61500E5944B /* Models */,
				5FF96AA71D3BE40D00D20DD6 /* Networking */,
				5F995DF11D3EF80900E5944B /* Trending */,
				5F995DED1D3EB48100E5944B /* ViewModel.swift */,
				5FF38B2D1D4008B300421BC9 /* GIFViewModel.swift */,
			);
			path = App;
			sourceTree = "<group>";
		};
		5FF96AA71D3BE40D00D20DD6 /* Networking */ = {
			isa = PBXGroup;
			children = (
				5FF96AA81D3BE44900D20DD6 /* GiphyAPI.swift */,
				5FF96AAA1D3BEE0800D20DD6 /* Networking.swift */,
			);
			path = Networking;
			sourceTree = "<group>";
		};
		F46B38482C6624BAF7796793 /* Frameworks */ = {
			isa = PBXGroup;
			children = (
				BD75201FE95CA19F46AABE4F /* Pods_GiphySearcher.framework */,
			);
			name = Frameworks;
			sourceTree = "<group>";
		};
/* End PBXGroup section */

/* Begin PBXNativeTarget section */
		5FEBE9821D39715800CADCCE /* GiphySearcher */ = {
			isa = PBXNativeTarget;
			buildConfigurationList = 5FEBE9951D39715800CADCCE /* Build configuration list for PBXNativeTarget "GiphySearcher" */;
			buildPhases = (
				4C04DF82F82E0C23C30AEB54 /* [CP] Check Pods Manifest.lock */,
				5FEBE97F1D39715800CADCCE /* Sources */,
				5FEBE9801D39715800CADCCE /* Frameworks */,
				5FEBE9811D39715800CADCCE /* Resources */,
				21A211A7DBC847B39F929713 /* [CP] Embed Pods Frameworks */,
				4140DE9BFD9358F7B9406F1D /* [CP] Copy Pods Resources */,
			);
			buildRules = (
			);
			dependencies = (
			);
			name = GiphySearcher;
			productName = GiphySearcher;
			productReference = 5FEBE9831D39715800CADCCE /* GiphySearcher.app */;
			productType = "com.apple.product-type.application";
		};
/* End PBXNativeTarget section */

/* Begin PBXProject section */
		5FEBE97B1D39715800CADCCE /* Project object */ = {
			isa = PBXProject;
			attributes = {
				LastSwiftUpdateCheck = 0730;
				LastUpgradeCheck = 0730;
				ORGANIZATIONNAME = "";
				TargetAttributes = {
					5FEBE9821D39715800CADCCE = {
						CreatedOnToolsVersion = 7.3.1;
					};
				};
			};
			buildConfigurationList = 5FEBE97E1D39715800CADCCE /* Build configuration list for PBXProject "GiphySearcher" */;
			compatibilityVersion = "Xcode 3.2";
			developmentRegion = English;
			hasScannedForEncodings = 0;
			knownRegions = (
				en,
				Base,
			);
			mainGroup = 5FEBE97A1D39715800CADCCE;
			productRefGroup = 5FEBE9841D39715800CADCCE /* Products */;
			projectDirPath = "";
			projectRoot = "";
			targets = (
				5FEBE9821D39715800CADCCE /* GiphySearcher */,
			);
		};
/* End PBXProject section */

/* Begin PBXResourcesBuildPhase section */
		5FEBE9811D39715800CADCCE /* Resources */ = {
			isa = PBXResourcesBuildPhase;
			buildActionMask = 2147483647;
			files = (
				5FEBE9911D39715800CADCCE /* LaunchScreen.storyboard in Resources */,
				5FEFA8D31D3D3C5B00D9DE5A /* Search.json in Resources */,
				5FEBE98E1D39715800CADCCE /* Assets.xcassets in Resources */,
				5F4290FF1D40641B0077AEC2 /* Oswald-Light.ttf in Resources */,
				5FEFA8D41D3D3C5B00D9DE5A /* Trending.json in Resources */,
				5FEBE98C1D39715800CADCCE /* Main.storyboard in Resources */,
				5F4290FE1D40641B0077AEC2 /* Oswald-Bold.ttf in Resources */,
				5F4291001D40641B0077AEC2 /* Oswald-Regular.ttf in Resources */,
			);
			runOnlyForDeploymentPostprocessing = 0;
		};
/* End PBXResourcesBuildPhase section */

/* Begin PBXShellScriptBuildPhase section */
		21A211A7DBC847B39F929713 /* [CP] Embed Pods Frameworks */ = {
			isa = PBXShellScriptBuildPhase;
			buildActionMask = 2147483647;
			files = (
			);
			inputPaths = (
			);
			name = "[CP] Embed Pods Frameworks";
			outputPaths = (
			);
			runOnlyForDeploymentPostprocessing = 0;
			shellPath = /bin/sh;
			shellScript = "\"${SRCROOT}/Pods/Target Support Files/Pods-GiphySearcher/Pods-GiphySearcher-frameworks.sh\"\n";
			showEnvVarsInLog = 0;
		};
		4140DE9BFD9358F7B9406F1D /* [CP] Copy Pods Resources */ = {
			isa = PBXShellScriptBuildPhase;
			buildActionMask = 2147483647;
			files = (
			);
			inputPaths = (
			);
			name = "[CP] Copy Pods Resources";
			outputPaths = (
			);
			runOnlyForDeploymentPostprocessing = 0;
			shellPath = /bin/sh;
			shellScript = "\"${SRCROOT}/Pods/Target Support Files/Pods-GiphySearcher/Pods-GiphySearcher-resources.sh\"\n";
			showEnvVarsInLog = 0;
		};
		4C04DF82F82E0C23C30AEB54 /* [CP] Check Pods Manifest.lock */ = {
			isa = PBXShellScriptBuildPhase;
			buildActionMask = 2147483647;
			files = (
			);
			inputPaths = (
			);
			name = "[CP] Check Pods Manifest.lock";
			outputPaths = (
			);
			runOnlyForDeploymentPostprocessing = 0;
			shellPath = /bin/sh;
			shellScript = "diff \"${PODS_ROOT}/../Podfile.lock\" \"${PODS_ROOT}/Manifest.lock\" > /dev/null\nif [[ $? != 0 ]] ; then\n    cat << EOM\nerror: The sandbox is not in sync with the Podfile.lock. Run 'pod install' or update your CocoaPods installation.\nEOM\n    exit 1\nfi\n";
			showEnvVarsInLog = 0;
		};
/* End PBXShellScriptBuildPhase section */

/* Begin PBXSourcesBuildPhase section */
		5FEBE97F1D39715800CADCCE /* Sources */ = {
			isa = PBXSourcesBuildPhase;
			buildActionMask = 2147483647;
			files = (
				5F995DF31D3EF82200E5944B /* TrendingViewController.swift in Sources */,
				5F995DEC1D3E85BC00E5944B /* Observable+JSONAble.swift in Sources */,
				5F4290F61D40610B0077AEC2 /* UIColor+Custom.swift in Sources */,
				5F995DEE1D3EB48100E5944B /* ViewModel.swift in Sources */,
				5FEBE9871D39715800CADCCE /* AppDelegate.swift in Sources */,
				5F995DF51D3F098300E5944B /* Observable+Operators.swift in Sources */,
				5FF96AA91D3BE44900D20DD6 /* GiphyAPI.swift in Sources */,
				5F4290F81D40638F0077AEC2 /* Font.swift in Sources */,
				5F995DE91D3DE62400E5944B /* GIF.swift in Sources */,
				5F995DF71D3F151200E5944B /* GIFCollectionViewCell.swift in Sources */,
				5FF96AAB1D3BEE0800D20DD6 /* Networking.swift in Sources */,
				5F4290F41D4060430077AEC2 /* CALayer+Border.swift in Sources */,
				5FF38B2E1D4008B300421BC9 /* GIFViewModel.swift in Sources */,
			);
			runOnlyForDeploymentPostprocessing = 0;
		};
/* End PBXSourcesBuildPhase section */

/* Begin PBXVariantGroup section */
		5FEBE98A1D39715800CADCCE /* Main.storyboard */ = {
			isa = PBXVariantGroup;
			children = (
				5FEBE98B1D39715800CADCCE /* Base */,
			);
			name = Main.storyboard;
			path = .;
			sourceTree = "<group>";
		};
		5FEBE98F1D39715800CADCCE /* LaunchScreen.storyboard */ = {
			isa = PBXVariantGroup;
			children = (
				5FEBE9901D39715800CADCCE /* Base */,
			);
			name = LaunchScreen.storyboard;
			path = .;
			sourceTree = "<group>";
		};
/* End PBXVariantGroup section */

/* Begin XCBuildConfiguration section */
		5FEBE9931D39715800CADCCE /* Debug */ = {
			isa = XCBuildConfiguration;
			buildSettings = {
				ALWAYS_SEARCH_USER_PATHS = NO;
				CLANG_ANALYZER_NONNULL = YES;
				CLANG_CXX_LANGUAGE_STANDARD = "gnu++0x";
				CLANG_CXX_LIBRARY = "libc++";
				CLANG_ENABLE_MODULES = YES;
				CLANG_ENABLE_OBJC_ARC = YES;
				CLANG_WARN_BOOL_CONVERSION = YES;
				CLANG_WARN_CONSTANT_CONVERSION = YES;
				CLANG_WARN_DIRECT_OBJC_ISA_USAGE = YES_ERROR;
				CLANG_WARN_EMPTY_BODY = YES;
				CLANG_WARN_ENUM_CONVERSION = YES;
				CLANG_WARN_INT_CONVERSION = YES;
				CLANG_WARN_OBJC_ROOT_CLASS = YES_ERROR;
				CLANG_WARN_UNREACHABLE_CODE = YES;
				CLANG_WARN__DUPLICATE_METHOD_MATCH = YES;
				"CODE_SIGN_IDENTITY[sdk=iphoneos*]" = "iPhone Developer";
				COPY_PHASE_STRIP = NO;
				DEBUG_INFORMATION_FORMAT = dwarf;
				ENABLE_STRICT_OBJC_MSGSEND = YES;
				ENABLE_TESTABILITY = YES;
				GCC_C_LANGUAGE_STANDARD = gnu99;
				GCC_DYNAMIC_NO_PIC = NO;
				GCC_NO_COMMON_BLOCKS = YES;
				GCC_OPTIMIZATION_LEVEL = 0;
				GCC_PREPROCESSOR_DEFINITIONS = (
					"DEBUG=1",
					"$(inherited)",
				);
				GCC_WARN_64_TO_32_BIT_CONVERSION = YES;
				GCC_WARN_ABOUT_RETURN_TYPE = YES_ERROR;
				GCC_WARN_UNDECLARED_SELECTOR = YES;
				GCC_WARN_UNINITIALIZED_AUTOS = YES_AGGRESSIVE;
				GCC_WARN_UNUSED_FUNCTION = YES;
				GCC_WARN_UNUSED_VARIABLE = YES;
				IPHONEOS_DEPLOYMENT_TARGET = 9.3;
				MTL_ENABLE_DEBUG_INFO = YES;
				ONLY_ACTIVE_ARCH = YES;
				SDKROOT = iphoneos;
				SWIFT_OPTIMIZATION_LEVEL = "-Onone";
				TARGETED_DEVICE_FAMILY = "1,2";
			};
			name = Debug;
		};
		5FEBE9941D39715800CADCCE /* Release */ = {
			isa = XCBuildConfiguration;
			buildSettings = {
				ALWAYS_SEARCH_USER_PATHS = NO;
				CLANG_ANALYZER_NONNULL = YES;
				CLANG_CXX_LANGUAGE_STANDARD = "gnu++0x";
				CLANG_CXX_LIBRARY = "libc++";
				CLANG_ENABLE_MODULES = YES;
				CLANG_ENABLE_OBJC_ARC = YES;
				CLANG_WARN_BOOL_CONVERSION = YES;
				CLANG_WARN_CONSTANT_CONVERSION = YES;
				CLANG_WARN_DIRECT_OBJC_ISA_USAGE = YES_ERROR;
				CLANG_WARN_EMPTY_BODY = YES;
				CLANG_WARN_ENUM_CONVERSION = YES;
				CLANG_WARN_INT_CONVERSION = YES;
				CLANG_WARN_OBJC_ROOT_CLASS = YES_ERROR;
				CLANG_WARN_UNREACHABLE_CODE = YES;
				CLANG_WARN__DUPLICATE_METHOD_MATCH = YES;
				"CODE_SIGN_IDENTITY[sdk=iphoneos*]" = "iPhone Developer";
				COPY_PHASE_STRIP = NO;
				DEBUG_INFORMATION_FORMAT = "dwarf-with-dsym";
				ENABLE_NS_ASSERTIONS = NO;
				ENABLE_STRICT_OBJC_MSGSEND = YES;
				GCC_C_LANGUAGE_STANDARD = gnu99;
				GCC_NO_COMMON_BLOCKS = YES;
				GCC_WARN_64_TO_32_BIT_CONVERSION = YES;
				GCC_WARN_ABOUT_RETURN_TYPE = YES_ERROR;
				GCC_WARN_UNDECLARED_SELECTOR = YES;
				GCC_WARN_UNINITIALIZED_AUTOS = YES_AGGRESSIVE;
				GCC_WARN_UNUSED_FUNCTION = YES;
				GCC_WARN_UNUSED_VARIABLE = YES;
				IPHONEOS_DEPLOYMENT_TARGET = 9.3;
				MTL_ENABLE_DEBUG_INFO = NO;
				SDKROOT = iphoneos;
				TARGETED_DEVICE_FAMILY = "1,2";
				VALIDATE_PRODUCT = YES;
			};
			name = Release;
		};
		5FEBE9961D39715800CADCCE /* Debug */ = {
			isa = XCBuildConfiguration;
			baseConfigurationReference = 21141C8AF41872932CBC66B7 /* Pods-GiphySearcher.debug.xcconfig */;
			buildSettings = {
				ASSETCATALOG_COMPILER_APPICON_NAME = AppIcon;
				INFOPLIST_FILE = GiphySearcher/Info.plist;
				LD_RUNPATH_SEARCH_PATHS = "$(inherited) @executable_path/Frameworks";
				PRODUCT_BUNDLE_IDENTIFIER = "io.nick-skmbo.GiphySearcher";
				PRODUCT_NAME = "$(TARGET_NAME)";
			};
			name = Debug;
		};
		5FEBE9971D39715800CADCCE /* Release */ = {
			isa = XCBuildConfiguration;
			baseConfigurationReference = 86A20436F61B85508E303ABD /* Pods-GiphySearcher.release.xcconfig */;
			buildSettings = {
				ASSETCATALOG_COMPILER_APPICON_NAME = AppIcon;
				INFOPLIST_FILE = GiphySearcher/Info.plist;
				LD_RUNPATH_SEARCH_PATHS = "$(inherited) @executable_path/Frameworks";
				PRODUCT_BUNDLE_IDENTIFIER = "io.nick-skmbo.GiphySearcher";
				PRODUCT_NAME = "$(TARGET_NAME)";
			};
			name = Release;
		};
/* End XCBuildConfiguration section */

/* Begin XCConfigurationList section */
		5FEBE97E1D39715800CADCCE /* Build configuration list for PBXProject "GiphySearcher" */ = {
			isa = XCConfigurationList;
			buildConfigurations = (
				5FEBE9931D39715800CADCCE /* Debug */,
				5FEBE9941D39715800CADCCE /* Release */,
			);
			defaultConfigurationIsVisible = 0;
			defaultConfigurationName = Release;
		};
		5FEBE9951D39715800CADCCE /* Build configuration list for PBXNativeTarget "GiphySearcher" */ = {
			isa = XCConfigurationList;
			buildConfigurations = (
				5FEBE9961D39715800CADCCE /* Debug */,
				5FEBE9971D39715800CADCCE /* Release */,
			);
			defaultConfigurationIsVisible = 0;
			defaultConfigurationName = Release;
		};
/* End XCConfigurationList section */
	};
	rootObject = 5FEBE97B1D39715800CADCCE /* Project object */;
}
