PODS:
  - Alamofire (4.2.0)
  - Moya/Core (8.0.3):
    - Alamofire (~> 4.1)
    - Result (~> 3.0)
  - Moya/RxSwift (8.0.3):
    - Moya/Core
    - RxSwift (~> 3.0)
  - NSObject+Rx (2.0.0):
    - RxSwift
  - Result (3.2.1)
  - RxCocoa (3.1.0):
    - RxSwift (~> 3.1)
  - RxSwift (3.1.0)
  - SwiftyJSON (3.1.4)
  - YYCache (1.0.4)
  - YYImage (1.0.4):
    - YYImage/Core (= 1.0.4)
  - YYImage/Core (1.0.4)
  - YYWebImage (1.0.5):
    - YYCache
    - YYImage

DEPENDENCIES:
  - Alamofire (~> 4.2.0)
  - Moya/RxSwift (~> 8.0.3)
  - NSObject+Rx (~> 2.0.0)
  - RxCocoa (~> 3.1.0)
  - RxSwift (~> 3.1.0)
  - SwiftyJSON (~> 3.1.4)
  - YYWebImage (~> 1.0.5)

SPEC CHECKSUMS:
  Alamofire: aa2e09d871c9160ac53c90e83c68064a94e3dfbe
  Moya: d3721622e3cc0cc2f038d69a258686f0b66e7252
  NSObject+Rx: 2a9cd801d9c847e6d2486cbad8d7701b67834e70
  Result: 2453a22e5c5b11c0c3a478736e82cd02f763b781
  RxCocoa: 50d7564866da9299161e86a263ce12a0873904d8
  RxSwift: 83ff553e7593fdfdcb2562933a64c0284dffdadc
  SwiftyJSON: c2842d878f95482ffceec5709abc3d05680c0220
  YYCache: 8105b6638f5e849296c71f331ff83891a4942952
  YYImage: 1e1b62a9997399593e4b9c4ecfbbabbf1d3f3b54
  YYWebImage: 5f7f36aee2ae293f016d418c7d6ba05c4863e928

PODFILE CHECKSUM: c6e272b3572f6a09899d07b684f3341b7b1ea651

COCOAPODS: 1.1.1
