PODS:
  - Alamofire (3.4.1)
  - FLAnimatedImage (1.0.12)
  - Moya/Core (6.5.0):
    - Alamofire (~> 3.0)
    - Result (~> 2.0)
  - Moya/RxSwift (6.5.0):
    - Moya/Core
    - RxSwift (~> 2.0)
  - NSObject+Rx (1.2.1):
    - RxSwift (~> 2.1)
  - Result (2.1.3)
  - RxCocoa (2.6.0):
    - RxSwift (~> 2.5)
  - RxSwift (2.6.0)
  - SDWebImage (3.8.1):
    - SDWebImage/Core (= 3.8.1)
  - SDWebImage/Core (3.8.1)
  - SwiftyJSON (2.3.2)

DEPENDENCIES:
  - Alamofire (~> 3.4.1)
  - FLAnimatedImage (~> 1.0.12)
  - Moya/RxSwift (~> 6.4)
  - NSObject+Rx (~> 1.2.1)
  - RxCocoa (~> 2.6.0)
  - RxSwift (~> 2.6.0)
  - SDWebImage (~> 3.8.1)
  - SwiftyJSON (~> 2.3.2)

SPEC CHECKSUMS:
  Alamofire: 01a82e2f6c0f860ade35534c8dd88be61bdef40c
  FLAnimatedImage: 4a0b56255d9b05f18b6dd7ee06871be5d3b89e31
  Moya: f7a4044719381cc6299f9ad3e0ef05f426f0557b
  NSObject+Rx: 5d032a7f161602dec6b82dcf12731e91ce15b8da
  Result: 18e1a7597fbcca5923c565b40a25a98afafdee02
  RxCocoa: 89ab00d5753502520227940e3a0e0a0413683c6b
  RxSwift: 77f3a0b15324baa7a1c9bfa9f199648a82424e26
  SDWebImage: 35f9627a3e44b4f292a8a8ce6a531fa488239b91
  SwiftyJSON: 04ccea08915aa0109039157c7974cf0298da292a

PODFILE CHECKSUM: 42823da7ec1e6832dd50d8f7e81cfedbe969bab4

COCOAPODS: 1.0.1
